
Microsoft Visual Studio Solution File, Format Version 11.00
# Visual Studio 2010
Project("{F184B08F-C81C-45F6-A57F-5ABD9991F28F}") = "NotepadVB", "NotepadVB\NotepadVB.vbproj", "{CD29BBB7-FA98-4875-862D-6841DDA1B677}"
EndProject
Global
	GlobalSection(SolutionConfigurationPlatforms) = preSolution
		Debug|x86 = Debug|x86
		Release|x86 = Release|x86
	EndGlobalSection
	GlobalSection(ProjectConfigurationPlatforms) = postSolution
		{CD29BBB7-FA98-4875-862D-6841DDA1B677}.Debug|x86.ActiveCfg = Debug|x86
		{CD29BBB7-FA98-4875-862D-6841DDA1B677}.Debug|x86.Build.0 = Debug|x86
		{CD29BBB7-FA98-4875-862D-6841DDA1B677}.Release|x86.ActiveCfg = Release|x86
		{CD29BBB7-FA98-4875-862D-6841DDA1B677}.Release|x86.Build.0 = Release|x86
	EndGlobalSection
	GlobalSection(SolutionProperties) = preSolution
		HideSolutionNode = FALSE
	EndGlobalSection
EndGlobal
